
Microsoft Visual Studio Solution File, Format Version 12.00
# Visual Studio 15
Project("{FAE04EC0-301F-11D3-BF4B-00C04F79EFBC}") = "Assembly-CSharp", "Assembly-CSharp.csproj", "{BF2A3150-621A-667A-8498-45D915CD9131}"
EndProject
Global
	GlobalSection(SolutionConfigurationPlatforms) = preSolution
		Debug|Any CPU = Debug|Any CPU
		Release|Any CPU = Release|Any CPU
	EndGlobalSection
	GlobalSection(ProjectConfigurationPlatforms) = postSolution
		{BF2A3150-621A-667A-8498-45D915CD9131}.Debug|Any CPU.ActiveCfg = Debug|Any CPU
		{BF2A3150-621A-667A-8498-45D915CD9131}.Debug|Any CPU.Build.0 = Debug|Any CPU
		{BF2A3150-621A-667A-8498-45D915CD9131}.Release|Any CPU.ActiveCfg = Release|Any CPU
		{BF2A3150-621A-667A-8498-45D915CD9131}.Release|Any CPU.Build.0 = Release|Any CPU
	EndGlobalSection
	GlobalSection(SolutionProperties) = preSolution
		HideSolutionNode = FALSE
	EndGlobalSection
EndGlobal
